
Microsoft Visual Studio Solution File, Format Version 12.00
# Visual Studio Version 16
VisualStudioVersion = 16.0.31129.286
MinimumVisualStudioVersion = 10.0.40219.1
Project("{C7167F0D-BC9F-4E6E-AFE1-012C56B48DB5}") = "app", "app.wapproj", "{BAC326B0-AC91-441E-A07F-FFC300AAC4D5}"
EndProject
Project("{8BC9CEB8-8B4A-11D0-8D11-00A0C91BC942}") = "coro-cloudstorage-fuse", "build\coro-cloudstorage-fuse.vcxproj", "{3DA6B2C8-556A-3BA9-A0EB-1EFAFF9D2348}"
EndProject
Project("{8BC9CEB8-8B4A-11D0-8D11-00A0C91BC942}") = "coro-cloudstorage", "build\contrib\coro-cloudstorage\src\coro-cloudstorage.vcxproj", "{F925DB7E-499F-32AA-93B7-7AB6B8391856}"
EndProject
Project("{8BC9CEB8-8B4A-11D0-8D11-00A0C91BC942}") = "Mega", "build\contrib\coro-cloudstorage\contrib\megasdk\contrib\cmake\Mega.vcxproj", "{8A509A82-174D-3E72-85AF-D35CFAB36225}"
EndProject
Project("{8BC9CEB8-8B4A-11D0-8D11-00A0C91BC942}") = "coro-http", "build\contrib\coro-cloudstorage\contrib\coro-http\src\coro\http\coro-http.vcxproj", "{A7304F22-0D43-3887-84E3-3EC7F9FEB41C}"
EndProject
Project("{8BC9CEB8-8B4A-11D0-8D11-00A0C91BC942}") = "coro", "build\contrib\coro-cloudstorage\contrib\coro-http\src\coro\coro.vcxproj", "{977C1772-EC72-32DD-BCB9-4C40A03D81DC}"
EndProject
Project("{8BC9CEB8-8B4A-11D0-8D11-00A0C91BC942}") = "libcurl", "build\contrib\coro-cloudstorage\contrib\coro-http\contrib\curl\lib\libcurl.vcxproj", "{D8D31CE6-3040-3D2A-B48B-19B4E485C666}"
EndProject
Project("{8BC9CEB8-8B4A-11D0-8D11-00A0C91BC942}") = "c-ares", "build\contrib\coro-cloudstorage\contrib\coro-http\contrib\c-ares\src\lib\c-ares.vcxproj", "{0038FBF9-6B63-364F-905A-291F8EB25E6C}"
EndProject
Project("{8BC9CEB8-8B4A-11D0-8D11-00A0C91BC942}") = "nghttp2_static", "build\contrib\coro-cloudstorage\contrib\coro-http\contrib\nghttp2\lib\nghttp2_static.vcxproj", "{5C8186B9-F18A-3FB3-9FB4-BEFAFD504BCA}"
EndProject
Project("{8BC9CEB8-8B4A-11D0-8D11-00A0C91BC942}") = "crypto", "build\contrib\coro-cloudstorage\contrib\coro-http\contrib\libressl\crypto\crypto.vcxproj", "{A5AF1003-8331-3159-908D-C7FD5C033F60}"
EndProject
Project("{8BC9CEB8-8B4A-11D0-8D11-00A0C91BC942}") = "ssl", "build\contrib\coro-cloudstorage\contrib\coro-http\contrib\libressl\ssl\ssl.vcxproj", "{F7E4C169-5B04-326A-A873-711DAAA953F7}"
EndProject
Project("{8BC9CEB8-8B4A-11D0-8D11-00A0C91BC942}") = "event_static", "build\contrib\coro-cloudstorage\contrib\coro-http\contrib\libevent\event_static.vcxproj", "{D227A83F-91F6-370E-8D42-5A9C384B4D69}"
EndProject
Project("{8BC9CEB8-8B4A-11D0-8D11-00A0C91BC942}") = "event_extra_static", "build\contrib\coro-cloudstorage\contrib\coro-http\contrib\libevent\event_extra_static.vcxproj", "{6C0ECB1C-5AE9-3BB0-8851-0D5AE8D112B5}"
EndProject
Project("{8BC9CEB8-8B4A-11D0-8D11-00A0C91BC942}") = "coro-util", "build\contrib\coro-cloudstorage\contrib\coro-http\src\coro\util\coro-util.vcxproj", "{5EE7C1EA-8EFD-33E5-9547-1068D169AADB}"
EndProject
Project("{8BC9CEB8-8B4A-11D0-8D11-00A0C91BC942}") = "event_core_static", "build\contrib\coro-cloudstorage\contrib\coro-http\contrib\libevent\event_core_static.vcxproj", "{82519905-6CAE-38CC-8B44-E2757414FB48}"
EndProject
Project("{8BC9CEB8-8B4A-11D0-8D11-00A0C91BC942}") = "stdx", "build\contrib\coro-cloudstorage\contrib\coro-http\src\coro\stdx\stdx.vcxproj", "{F06F4DF8-4B74-3D05-8583-2BA71C415E13}"
EndProject
Project("{8BC9CEB8-8B4A-11D0-8D11-00A0C91BC942}") = "cryptopp-static", "build\contrib\coro-cloudstorage\contrib\cryptopp\cryptopp-static.vcxproj", "{A3F9E49B-11FA-3ACD-B769-FE2872AD15A0}"
EndProject
Project("{8BC9CEB8-8B4A-11D0-8D11-00A0C91BC942}") = "static", "build\contrib\coro-cloudstorage\contrib\cryptopp\static.vcxproj", "{45A18ED4-52DC-351B-9D17-9EAB7CCF1318}"
EndProject
Project("{8BC9CEB8-8B4A-11D0-8D11-00A0C91BC942}") = "cryptopp-object", "build\contrib\coro-cloudstorage\contrib\cryptopp\cryptopp-object.vcxproj", "{C2F255FD-F6E2-39EE-91BC-4971A7B16734}"
EndProject
Project("{8BC9CEB8-8B4A-11D0-8D11-00A0C91BC942}") = "pugixml-static", "build\contrib\coro-cloudstorage\contrib\pugixml\pugixml-static.vcxproj", "{50C947DB-D10D-3E48-A613-0A763C535FE3}"
EndProject
Project("{8BC9CEB8-8B4A-11D0-8D11-00A0C91BC942}") = "avcodec", "build\contrib\coro-cloudstorage\contrib\avcodec.vcxproj", "{02B5B447-8805-3171-96FA-DE524D557705}"
EndProject
Project("{8BC9CEB8-8B4A-11D0-8D11-00A0C91BC942}") = "avformat", "build\contrib\coro-cloudstorage\contrib\avformat.vcxproj", "{C52F70C3-757E-3653-96F5-5B7A9CD16DC7}"
EndProject
Project("{8BC9CEB8-8B4A-11D0-8D11-00A0C91BC942}") = "avutil", "build\contrib\coro-cloudstorage\contrib\avutil.vcxproj", "{AF7B87C1-7EB7-3579-A1B5-E0BE017D4F57}"
EndProject
Project("{8BC9CEB8-8B4A-11D0-8D11-00A0C91BC942}") = "avfilter", "build\contrib\coro-cloudstorage\contrib\avfilter.vcxproj", "{772BA84A-C919-34B0-952F-E3664B7A803D}"
EndProject
Project("{8BC9CEB8-8B4A-11D0-8D11-00A0C91BC942}") = "swresample", "build\contrib\coro-cloudstorage\contrib\swresample.vcxproj", "{CA2421E6-CE5D-388C-A49D-669F16753402}"
EndProject
Project("{8BC9CEB8-8B4A-11D0-8D11-00A0C91BC942}") = "swscale", "build\contrib\coro-cloudstorage\contrib\swscale.vcxproj", "{D2F23BC3-1FFD-37A5-9337-C311CAE3CF56}"
EndProject
Project("{8BC9CEB8-8B4A-11D0-8D11-00A0C91BC942}") = "zlib", "build\contrib\coro-cloudstorage\contrib\zlib-ng\zlib.vcxproj", "{794E7847-AB8B-364E-A1D7-BCB76CB5E445}"
EndProject
Global
	GlobalSection(SolutionConfigurationPlatforms) = preSolution
		Debug|Any CPU = Debug|Any CPU
		Debug|ARM = Debug|ARM
		Debug|ARM64 = Debug|ARM64
		Debug|x64 = Debug|x64
		Debug|x86 = Debug|x86
		Release|Any CPU = Release|Any CPU
		Release|ARM = Release|ARM
		Release|ARM64 = Release|ARM64
		Release|x64 = Release|x64
		Release|x86 = Release|x86
	EndGlobalSection
	GlobalSection(ProjectConfigurationPlatforms) = postSolution
		{BAC326B0-AC91-441E-A07F-FFC300AAC4D5}.Debug|Any CPU.ActiveCfg = Debug|Any CPU
		{BAC326B0-AC91-441E-A07F-FFC300AAC4D5}.Debug|Any CPU.Build.0 = Debug|Any CPU
		{BAC326B0-AC91-441E-A07F-FFC300AAC4D5}.Debug|Any CPU.Deploy.0 = Debug|Any CPU
		{BAC326B0-AC91-441E-A07F-FFC300AAC4D5}.Debug|ARM.ActiveCfg = Debug|ARM
		{BAC326B0-AC91-441E-A07F-FFC300AAC4D5}.Debug|ARM.Build.0 = Debug|ARM
		{BAC326B0-AC91-441E-A07F-FFC300AAC4D5}.Debug|ARM.Deploy.0 = Debug|ARM
		{BAC326B0-AC91-441E-A07F-FFC300AAC4D5}.Debug|ARM64.ActiveCfg = Debug|ARM64
		{BAC326B0-AC91-441E-A07F-FFC300AAC4D5}.Debug|ARM64.Build.0 = Debug|ARM64
		{BAC326B0-AC91-441E-A07F-FFC300AAC4D5}.Debug|ARM64.Deploy.0 = Debug|ARM64
		{BAC326B0-AC91-441E-A07F-FFC300AAC4D5}.Debug|x64.ActiveCfg = Debug|x64
		{BAC326B0-AC91-441E-A07F-FFC300AAC4D5}.Debug|x64.Build.0 = Debug|x64
		{BAC326B0-AC91-441E-A07F-FFC300AAC4D5}.Debug|x64.Deploy.0 = Debug|x64
		{BAC326B0-AC91-441E-A07F-FFC300AAC4D5}.Debug|x86.ActiveCfg = Debug|x86
		{BAC326B0-AC91-441E-A07F-FFC300AAC4D5}.Debug|x86.Build.0 = Debug|x86
		{BAC326B0-AC91-441E-A07F-FFC300AAC4D5}.Debug|x86.Deploy.0 = Debug|x86
		{BAC326B0-AC91-441E-A07F-FFC300AAC4D5}.Release|Any CPU.ActiveCfg = Release|Any CPU
		{BAC326B0-AC91-441E-A07F-FFC300AAC4D5}.Release|Any CPU.Build.0 = Release|Any CPU
		{BAC326B0-AC91-441E-A07F-FFC300AAC4D5}.Release|Any CPU.Deploy.0 = Release|Any CPU
		{BAC326B0-AC91-441E-A07F-FFC300AAC4D5}.Release|ARM.ActiveCfg = Release|ARM
		{BAC326B0-AC91-441E-A07F-FFC300AAC4D5}.Release|ARM.Build.0 = Release|ARM
		{BAC326B0-AC91-441E-A07F-FFC300AAC4D5}.Release|ARM.Deploy.0 = Release|ARM
		{BAC326B0-AC91-441E-A07F-FFC300AAC4D5}.Release|ARM64.ActiveCfg = Release|ARM64
		{BAC326B0-AC91-441E-A07F-FFC300AAC4D5}.Release|ARM64.Build.0 = Release|ARM64
		{BAC326B0-AC91-441E-A07F-FFC300AAC4D5}.Release|ARM64.Deploy.0 = Release|ARM64
		{BAC326B0-AC91-441E-A07F-FFC300AAC4D5}.Release|x64.ActiveCfg = Release|x64
		{BAC326B0-AC91-441E-A07F-FFC300AAC4D5}.Release|x64.Build.0 = Release|x64
		{BAC326B0-AC91-441E-A07F-FFC300AAC4D5}.Release|x64.Deploy.0 = Release|x64
		{BAC326B0-AC91-441E-A07F-FFC300AAC4D5}.Release|x86.ActiveCfg = Release|x86
		{BAC326B0-AC91-441E-A07F-FFC300AAC4D5}.Release|x86.Build.0 = Release|x86
		{BAC326B0-AC91-441E-A07F-FFC300AAC4D5}.Release|x86.Deploy.0 = Release|x86
		{3DA6B2C8-556A-3BA9-A0EB-1EFAFF9D2348}.Debug|Any CPU.ActiveCfg = Debug|x64
		{3DA6B2C8-556A-3BA9-A0EB-1EFAFF9D2348}.Debug|ARM.ActiveCfg = Debug|x64
		{3DA6B2C8-556A-3BA9-A0EB-1EFAFF9D2348}.Debug|ARM64.ActiveCfg = Debug|x64
		{3DA6B2C8-556A-3BA9-A0EB-1EFAFF9D2348}.Debug|x64.ActiveCfg = Debug|x64
		{3DA6B2C8-556A-3BA9-A0EB-1EFAFF9D2348}.Debug|x64.Build.0 = Debug|x64
		{3DA6B2C8-556A-3BA9-A0EB-1EFAFF9D2348}.Debug|x86.ActiveCfg = Debug|x64
		{3DA6B2C8-556A-3BA9-A0EB-1EFAFF9D2348}.Release|Any CPU.ActiveCfg = Release|x64
		{3DA6B2C8-556A-3BA9-A0EB-1EFAFF9D2348}.Release|ARM.ActiveCfg = Release|x64
		{3DA6B2C8-556A-3BA9-A0EB-1EFAFF9D2348}.Release|ARM64.ActiveCfg = Release|x64
		{3DA6B2C8-556A-3BA9-A0EB-1EFAFF9D2348}.Release|x64.ActiveCfg = RelWithDebInfo|x64
		{3DA6B2C8-556A-3BA9-A0EB-1EFAFF9D2348}.Release|x64.Build.0 = RelWithDebInfo|x64
		{3DA6B2C8-556A-3BA9-A0EB-1EFAFF9D2348}.Release|x86.ActiveCfg = Release|x64
		{F925DB7E-499F-32AA-93B7-7AB6B8391856}.Debug|Any CPU.ActiveCfg = Debug|x64
		{F925DB7E-499F-32AA-93B7-7AB6B8391856}.Debug|ARM.ActiveCfg = Debug|x64
		{F925DB7E-499F-32AA-93B7-7AB6B8391856}.Debug|ARM64.ActiveCfg = Debug|x64
		{F925DB7E-499F-32AA-93B7-7AB6B8391856}.Debug|x64.ActiveCfg = Debug|x64
		{F925DB7E-499F-32AA-93B7-7AB6B8391856}.Debug|x64.Build.0 = Debug|x64
		{F925DB7E-499F-32AA-93B7-7AB6B8391856}.Debug|x86.ActiveCfg = Debug|x64
		{F925DB7E-499F-32AA-93B7-7AB6B8391856}.Release|Any CPU.ActiveCfg = Release|x64
		{F925DB7E-499F-32AA-93B7-7AB6B8391856}.Release|ARM.ActiveCfg = Release|x64
		{F925DB7E-499F-32AA-93B7-7AB6B8391856}.Release|ARM64.ActiveCfg = Release|x64
		{F925DB7E-499F-32AA-93B7-7AB6B8391856}.Release|x64.ActiveCfg = RelWithDebInfo|x64
		{F925DB7E-499F-32AA-93B7-7AB6B8391856}.Release|x64.Build.0 = RelWithDebInfo|x64
		{F925DB7E-499F-32AA-93B7-7AB6B8391856}.Release|x86.ActiveCfg = Release|x64
		{8A509A82-174D-3E72-85AF-D35CFAB36225}.Debug|Any CPU.ActiveCfg = Debug|x64
		{8A509A82-174D-3E72-85AF-D35CFAB36225}.Debug|ARM.ActiveCfg = Debug|x64
		{8A509A82-174D-3E72-85AF-D35CFAB36225}.Debug|ARM64.ActiveCfg = Debug|x64
		{8A509A82-174D-3E72-85AF-D35CFAB36225}.Debug|x64.ActiveCfg = Debug|x64
		{8A509A82-174D-3E72-85AF-D35CFAB36225}.Debug|x64.Build.0 = Debug|x64
		{8A509A82-174D-3E72-85AF-D35CFAB36225}.Debug|x86.ActiveCfg = Debug|x64
		{8A509A82-174D-3E72-85AF-D35CFAB36225}.Release|Any CPU.ActiveCfg = Release|x64
		{8A509A82-174D-3E72-85AF-D35CFAB36225}.Release|ARM.ActiveCfg = Release|x64
		{8A509A82-174D-3E72-85AF-D35CFAB36225}.Release|ARM64.ActiveCfg = Release|x64
		{8A509A82-174D-3E72-85AF-D35CFAB36225}.Release|x64.ActiveCfg = RelWithDebInfo|x64
		{8A509A82-174D-3E72-85AF-D35CFAB36225}.Release|x64.Build.0 = RelWithDebInfo|x64
		{8A509A82-174D-3E72-85AF-D35CFAB36225}.Release|x86.ActiveCfg = Release|x64
		{A7304F22-0D43-3887-84E3-3EC7F9FEB41C}.Debug|Any CPU.ActiveCfg = Debug|x64
		{A7304F22-0D43-3887-84E3-3EC7F9FEB41C}.Debug|ARM.ActiveCfg = Debug|x64
		{A7304F22-0D43-3887-84E3-3EC7F9FEB41C}.Debug|ARM64.ActiveCfg = Debug|x64
		{A7304F22-0D43-3887-84E3-3EC7F9FEB41C}.Debug|x64.ActiveCfg = Debug|x64
		{A7304F22-0D43-3887-84E3-3EC7F9FEB41C}.Debug|x64.Build.0 = Debug|x64
		{A7304F22-0D43-3887-84E3-3EC7F9FEB41C}.Debug|x86.ActiveCfg = Debug|x64
		{A7304F22-0D43-3887-84E3-3EC7F9FEB41C}.Release|Any CPU.ActiveCfg = Release|x64
		{A7304F22-0D43-3887-84E3-3EC7F9FEB41C}.Release|ARM.ActiveCfg = Release|x64
		{A7304F22-0D43-3887-84E3-3EC7F9FEB41C}.Release|ARM64.ActiveCfg = Release|x64
		{A7304F22-0D43-3887-84E3-3EC7F9FEB41C}.Release|x64.ActiveCfg = RelWithDebInfo|x64
		{A7304F22-0D43-3887-84E3-3EC7F9FEB41C}.Release|x64.Build.0 = RelWithDebInfo|x64
		{A7304F22-0D43-3887-84E3-3EC7F9FEB41C}.Release|x86.ActiveCfg = Release|x64
		{977C1772-EC72-32DD-BCB9-4C40A03D81DC}.Debug|Any CPU.ActiveCfg = Debug|x64
		{977C1772-EC72-32DD-BCB9-4C40A03D81DC}.Debug|ARM.ActiveCfg = Debug|x64
		{977C1772-EC72-32DD-BCB9-4C40A03D81DC}.Debug|ARM64.ActiveCfg = Debug|x64
		{977C1772-EC72-32DD-BCB9-4C40A03D81DC}.Debug|x64.ActiveCfg = Debug|x64
		{977C1772-EC72-32DD-BCB9-4C40A03D81DC}.Debug|x64.Build.0 = Debug|x64
		{977C1772-EC72-32DD-BCB9-4C40A03D81DC}.Debug|x86.ActiveCfg = Debug|x64
		{977C1772-EC72-32DD-BCB9-4C40A03D81DC}.Release|Any CPU.ActiveCfg = Release|x64
		{977C1772-EC72-32DD-BCB9-4C40A03D81DC}.Release|ARM.ActiveCfg = Release|x64
		{977C1772-EC72-32DD-BCB9-4C40A03D81DC}.Release|ARM64.ActiveCfg = Release|x64
		{977C1772-EC72-32DD-BCB9-4C40A03D81DC}.Release|x64.ActiveCfg = RelWithDebInfo|x64
		{977C1772-EC72-32DD-BCB9-4C40A03D81DC}.Release|x64.Build.0 = RelWithDebInfo|x64
		{977C1772-EC72-32DD-BCB9-4C40A03D81DC}.Release|x86.ActiveCfg = Release|x64
		{D8D31CE6-3040-3D2A-B48B-19B4E485C666}.Debug|Any CPU.ActiveCfg = Debug|x64
		{D8D31CE6-3040-3D2A-B48B-19B4E485C666}.Debug|ARM.ActiveCfg = Debug|x64
		{D8D31CE6-3040-3D2A-B48B-19B4E485C666}.Debug|ARM64.ActiveCfg = Debug|x64
		{D8D31CE6-3040-3D2A-B48B-19B4E485C666}.Debug|x64.ActiveCfg = Debug|x64
		{D8D31CE6-3040-3D2A-B48B-19B4E485C666}.Debug|x64.Build.0 = Debug|x64
		{D8D31CE6-3040-3D2A-B48B-19B4E485C666}.Debug|x86.ActiveCfg = Debug|x64
		{D8D31CE6-3040-3D2A-B48B-19B4E485C666}.Release|Any CPU.ActiveCfg = Release|x64
		{D8D31CE6-3040-3D2A-B48B-19B4E485C666}.Release|ARM.ActiveCfg = Release|x64
		{D8D31CE6-3040-3D2A-B48B-19B4E485C666}.Release|ARM64.ActiveCfg = Release|x64
		{D8D31CE6-3040-3D2A-B48B-19B4E485C666}.Release|x64.ActiveCfg = RelWithDebInfo|x64
		{D8D31CE6-3040-3D2A-B48B-19B4E485C666}.Release|x64.Build.0 = RelWithDebInfo|x64
		{D8D31CE6-3040-3D2A-B48B-19B4E485C666}.Release|x86.ActiveCfg = Release|x64
		{0038FBF9-6B63-364F-905A-291F8EB25E6C}.Debug|Any CPU.ActiveCfg = Debug|x64
		{0038FBF9-6B63-364F-905A-291F8EB25E6C}.Debug|ARM.ActiveCfg = Debug|x64
		{0038FBF9-6B63-364F-905A-291F8EB25E6C}.Debug|ARM64.ActiveCfg = Debug|x64
		{0038FBF9-6B63-364F-905A-291F8EB25E6C}.Debug|x64.ActiveCfg = Debug|x64
		{0038FBF9-6B63-364F-905A-291F8EB25E6C}.Debug|x64.Build.0 = Debug|x64
		{0038FBF9-6B63-364F-905A-291F8EB25E6C}.Debug|x86.ActiveCfg = Debug|x64
		{0038FBF9-6B63-364F-905A-291F8EB25E6C}.Release|Any CPU.ActiveCfg = Release|x64
		{0038FBF9-6B63-364F-905A-291F8EB25E6C}.Release|ARM.ActiveCfg = Release|x64
		{0038FBF9-6B63-364F-905A-291F8EB25E6C}.Release|ARM64.ActiveCfg = Release|x64
		{0038FBF9-6B63-364F-905A-291F8EB25E6C}.Release|x64.ActiveCfg = RelWithDebInfo|x64
		{0038FBF9-6B63-364F-905A-291F8EB25E6C}.Release|x64.Build.0 = RelWithDebInfo|x64
		{0038FBF9-6B63-364F-905A-291F8EB25E6C}.Release|x86.ActiveCfg = Release|x64
		{5C8186B9-F18A-3FB3-9FB4-BEFAFD504BCA}.Debug|Any CPU.ActiveCfg = Debug|x64
		{5C8186B9-F18A-3FB3-9FB4-BEFAFD504BCA}.Debug|ARM.ActiveCfg = Debug|x64
		{5C8186B9-F18A-3FB3-9FB4-BEFAFD504BCA}.Debug|ARM64.ActiveCfg = Debug|x64
		{5C8186B9-F18A-3FB3-9FB4-BEFAFD504BCA}.Debug|x64.ActiveCfg = Debug|x64
		{5C8186B9-F18A-3FB3-9FB4-BEFAFD504BCA}.Debug|x64.Build.0 = Debug|x64
		{5C8186B9-F18A-3FB3-9FB4-BEFAFD504BCA}.Debug|x86.ActiveCfg = Debug|x64
		{5C8186B9-F18A-3FB3-9FB4-BEFAFD504BCA}.Release|Any CPU.ActiveCfg = Release|x64
		{5C8186B9-F18A-3FB3-9FB4-BEFAFD504BCA}.Release|ARM.ActiveCfg = Release|x64
		{5C8186B9-F18A-3FB3-9FB4-BEFAFD504BCA}.Release|ARM64.ActiveCfg = Release|x64
		{5C8186B9-F18A-3FB3-9FB4-BEFAFD504BCA}.Release|x64.ActiveCfg = RelWithDebInfo|x64
		{5C8186B9-F18A-3FB3-9FB4-BEFAFD504BCA}.Release|x64.Build.0 = RelWithDebInfo|x64
		{5C8186B9-F18A-3FB3-9FB4-BEFAFD504BCA}.Release|x86.ActiveCfg = Release|x64
		{A5AF1003-8331-3159-908D-C7FD5C033F60}.Debug|Any CPU.ActiveCfg = Debug|x64
		{A5AF1003-8331-3159-908D-C7FD5C033F60}.Debug|ARM.ActiveCfg = Debug|x64
		{A5AF1003-8331-3159-908D-C7FD5C033F60}.Debug|ARM64.ActiveCfg = Debug|x64
		{A5AF1003-8331-3159-908D-C7FD5C033F60}.Debug|x64.ActiveCfg = Debug|x64
		{A5AF1003-8331-3159-908D-C7FD5C033F60}.Debug|x64.Build.0 = Debug|x64
		{A5AF1003-8331-3159-908D-C7FD5C033F60}.Debug|x86.ActiveCfg = Debug|x64
		{A5AF1003-8331-3159-908D-C7FD5C033F60}.Release|Any CPU.ActiveCfg = Release|x64
		{A5AF1003-8331-3159-908D-C7FD5C033F60}.Release|ARM.ActiveCfg = Release|x64
		{A5AF1003-8331-3159-908D-C7FD5C033F60}.Release|ARM64.ActiveCfg = Release|x64
		{A5AF1003-8331-3159-908D-C7FD5C033F60}.Release|x64.ActiveCfg = RelWithDebInfo|x64
		{A5AF1003-8331-3159-908D-C7FD5C033F60}.Release|x64.Build.0 = RelWithDebInfo|x64
		{A5AF1003-8331-3159-908D-C7FD5C033F60}.Release|x86.ActiveCfg = Release|x64
		{F7E4C169-5B04-326A-A873-711DAAA953F7}.Debug|Any CPU.ActiveCfg = Debug|x64
		{F7E4C169-5B04-326A-A873-711DAAA953F7}.Debug|ARM.ActiveCfg = Debug|x64
		{F7E4C169-5B04-326A-A873-711DAAA953F7}.Debug|ARM64.ActiveCfg = Debug|x64
		{F7E4C169-5B04-326A-A873-711DAAA953F7}.Debug|x64.ActiveCfg = Debug|x64
		{F7E4C169-5B04-326A-A873-711DAAA953F7}.Debug|x64.Build.0 = Debug|x64
		{F7E4C169-5B04-326A-A873-711DAAA953F7}.Debug|x86.ActiveCfg = Debug|x64
		{F7E4C169-5B04-326A-A873-711DAAA953F7}.Release|Any CPU.ActiveCfg = Release|x64
		{F7E4C169-5B04-326A-A873-711DAAA953F7}.Release|ARM.ActiveCfg = Release|x64
		{F7E4C169-5B04-326A-A873-711DAAA953F7}.Release|ARM64.ActiveCfg = Release|x64
		{F7E4C169-5B04-326A-A873-711DAAA953F7}.Release|x64.ActiveCfg = RelWithDebInfo|x64
		{F7E4C169-5B04-326A-A873-711DAAA953F7}.Release|x64.Build.0 = RelWithDebInfo|x64
		{F7E4C169-5B04-326A-A873-711DAAA953F7}.Release|x86.ActiveCfg = Release|x64
		{D227A83F-91F6-370E-8D42-5A9C384B4D69}.Debug|Any CPU.ActiveCfg = Debug|x64
		{D227A83F-91F6-370E-8D42-5A9C384B4D69}.Debug|ARM.ActiveCfg = Debug|x64
		{D227A83F-91F6-370E-8D42-5A9C384B4D69}.Debug|ARM64.ActiveCfg = Debug|x64
		{D227A83F-91F6-370E-8D42-5A9C384B4D69}.Debug|x64.ActiveCfg = Debug|x64
		{D227A83F-91F6-370E-8D42-5A9C384B4D69}.Debug|x64.Build.0 = Debug|x64
		{D227A83F-91F6-370E-8D42-5A9C384B4D69}.Debug|x86.ActiveCfg = Debug|x64
		{D227A83F-91F6-370E-8D42-5A9C384B4D69}.Release|Any CPU.ActiveCfg = Release|x64
		{D227A83F-91F6-370E-8D42-5A9C384B4D69}.Release|ARM.ActiveCfg = Release|x64
		{D227A83F-91F6-370E-8D42-5A9C384B4D69}.Release|ARM64.ActiveCfg = Release|x64
		{D227A83F-91F6-370E-8D42-5A9C384B4D69}.Release|x64.ActiveCfg = RelWithDebInfo|x64
		{D227A83F-91F6-370E-8D42-5A9C384B4D69}.Release|x64.Build.0 = RelWithDebInfo|x64
		{D227A83F-91F6-370E-8D42-5A9C384B4D69}.Release|x86.ActiveCfg = Release|x64
		{6C0ECB1C-5AE9-3BB0-8851-0D5AE8D112B5}.Debug|Any CPU.ActiveCfg = Debug|x64
		{6C0ECB1C-5AE9-3BB0-8851-0D5AE8D112B5}.Debug|ARM.ActiveCfg = Debug|x64
		{6C0ECB1C-5AE9-3BB0-8851-0D5AE8D112B5}.Debug|ARM64.ActiveCfg = Debug|x64
		{6C0ECB1C-5AE9-3BB0-8851-0D5AE8D112B5}.Debug|x64.ActiveCfg = Debug|x64
		{6C0ECB1C-5AE9-3BB0-8851-0D5AE8D112B5}.Debug|x64.Build.0 = Debug|x64
		{6C0ECB1C-5AE9-3BB0-8851-0D5AE8D112B5}.Debug|x86.ActiveCfg = Debug|x64
		{6C0ECB1C-5AE9-3BB0-8851-0D5AE8D112B5}.Release|Any CPU.ActiveCfg = Release|x64
		{6C0ECB1C-5AE9-3BB0-8851-0D5AE8D112B5}.Release|ARM.ActiveCfg = Release|x64
		{6C0ECB1C-5AE9-3BB0-8851-0D5AE8D112B5}.Release|ARM64.ActiveCfg = Release|x64
		{6C0ECB1C-5AE9-3BB0-8851-0D5AE8D112B5}.Release|x64.ActiveCfg = RelWithDebInfo|x64
		{6C0ECB1C-5AE9-3BB0-8851-0D5AE8D112B5}.Release|x64.Build.0 = RelWithDebInfo|x64
		{6C0ECB1C-5AE9-3BB0-8851-0D5AE8D112B5}.Release|x86.ActiveCfg = Release|x64
		{5EE7C1EA-8EFD-33E5-9547-1068D169AADB}.Debug|Any CPU.ActiveCfg = Debug|x64
		{5EE7C1EA-8EFD-33E5-9547-1068D169AADB}.Debug|ARM.ActiveCfg = Debug|x64
		{5EE7C1EA-8EFD-33E5-9547-1068D169AADB}.Debug|ARM64.ActiveCfg = Debug|x64
		{5EE7C1EA-8EFD-33E5-9547-1068D169AADB}.Debug|x64.ActiveCfg = Debug|x64
		{5EE7C1EA-8EFD-33E5-9547-1068D169AADB}.Debug|x64.Build.0 = Debug|x64
		{5EE7C1EA-8EFD-33E5-9547-1068D169AADB}.Debug|x86.ActiveCfg = Debug|x64
		{5EE7C1EA-8EFD-33E5-9547-1068D169AADB}.Release|Any CPU.ActiveCfg = Release|x64
		{5EE7C1EA-8EFD-33E5-9547-1068D169AADB}.Release|ARM.ActiveCfg = Release|x64
		{5EE7C1EA-8EFD-33E5-9547-1068D169AADB}.Release|ARM64.ActiveCfg = Release|x64
		{5EE7C1EA-8EFD-33E5-9547-1068D169AADB}.Release|x64.ActiveCfg = RelWithDebInfo|x64
		{5EE7C1EA-8EFD-33E5-9547-1068D169AADB}.Release|x64.Build.0 = RelWithDebInfo|x64
		{5EE7C1EA-8EFD-33E5-9547-1068D169AADB}.Release|x86.ActiveCfg = Release|x64
		{82519905-6CAE-38CC-8B44-E2757414FB48}.Debug|Any CPU.ActiveCfg = Debug|x64
		{82519905-6CAE-38CC-8B44-E2757414FB48}.Debug|ARM.ActiveCfg = Debug|x64
		{82519905-6CAE-38CC-8B44-E2757414FB48}.Debug|ARM64.ActiveCfg = Debug|x64
		{82519905-6CAE-38CC-8B44-E2757414FB48}.Debug|x64.ActiveCfg = Debug|x64
		{82519905-6CAE-38CC-8B44-E2757414FB48}.Debug|x64.Build.0 = Debug|x64
		{82519905-6CAE-38CC-8B44-E2757414FB48}.Debug|x86.ActiveCfg = Debug|x64
		{82519905-6CAE-38CC-8B44-E2757414FB48}.Release|Any CPU.ActiveCfg = Release|x64
		{82519905-6CAE-38CC-8B44-E2757414FB48}.Release|ARM.ActiveCfg = Release|x64
		{82519905-6CAE-38CC-8B44-E2757414FB48}.Release|ARM64.ActiveCfg = Release|x64
		{82519905-6CAE-38CC-8B44-E2757414FB48}.Release|x64.ActiveCfg = RelWithDebInfo|x64
		{82519905-6CAE-38CC-8B44-E2757414FB48}.Release|x64.Build.0 = RelWithDebInfo|x64
		{82519905-6CAE-38CC-8B44-E2757414FB48}.Release|x86.ActiveCfg = Release|x64
		{F06F4DF8-4B74-3D05-8583-2BA71C415E13}.Debug|Any CPU.ActiveCfg = Debug|x64
		{F06F4DF8-4B74-3D05-8583-2BA71C415E13}.Debug|ARM.ActiveCfg = Debug|x64
		{F06F4DF8-4B74-3D05-8583-2BA71C415E13}.Debug|ARM64.ActiveCfg = Debug|x64
		{F06F4DF8-4B74-3D05-8583-2BA71C415E13}.Debug|x64.ActiveCfg = Debug|x64
		{F06F4DF8-4B74-3D05-8583-2BA71C415E13}.Debug|x64.Build.0 = Debug|x64
		{F06F4DF8-4B74-3D05-8583-2BA71C415E13}.Debug|x86.ActiveCfg = Debug|x64
		{F06F4DF8-4B74-3D05-8583-2BA71C415E13}.Release|Any CPU.ActiveCfg = Release|x64
		{F06F4DF8-4B74-3D05-8583-2BA71C415E13}.Release|ARM.ActiveCfg = Release|x64
		{F06F4DF8-4B74-3D05-8583-2BA71C415E13}.Release|ARM64.ActiveCfg = Release|x64
		{F06F4DF8-4B74-3D05-8583-2BA71C415E13}.Release|x64.ActiveCfg = RelWithDebInfo|x64
		{F06F4DF8-4B74-3D05-8583-2BA71C415E13}.Release|x64.Build.0 = RelWithDebInfo|x64
		{F06F4DF8-4B74-3D05-8583-2BA71C415E13}.Release|x86.ActiveCfg = Release|x64
		{A3F9E49B-11FA-3ACD-B769-FE2872AD15A0}.Debug|Any CPU.ActiveCfg = Debug|x64
		{A3F9E49B-11FA-3ACD-B769-FE2872AD15A0}.Debug|ARM.ActiveCfg = Debug|x64
		{A3F9E49B-11FA-3ACD-B769-FE2872AD15A0}.Debug|ARM64.ActiveCfg = Debug|x64
		{A3F9E49B-11FA-3ACD-B769-FE2872AD15A0}.Debug|x64.ActiveCfg = Debug|x64
		{A3F9E49B-11FA-3ACD-B769-FE2872AD15A0}.Debug|x64.Build.0 = Debug|x64
		{A3F9E49B-11FA-3ACD-B769-FE2872AD15A0}.Debug|x86.ActiveCfg = Debug|x64
		{A3F9E49B-11FA-3ACD-B769-FE2872AD15A0}.Release|Any CPU.ActiveCfg = Release|x64
		{A3F9E49B-11FA-3ACD-B769-FE2872AD15A0}.Release|ARM.ActiveCfg = Release|x64
		{A3F9E49B-11FA-3ACD-B769-FE2872AD15A0}.Release|ARM64.ActiveCfg = Release|x64
		{A3F9E49B-11FA-3ACD-B769-FE2872AD15A0}.Release|x64.ActiveCfg = RelWithDebInfo|x64
		{A3F9E49B-11FA-3ACD-B769-FE2872AD15A0}.Release|x64.Build.0 = RelWithDebInfo|x64
		{A3F9E49B-11FA-3ACD-B769-FE2872AD15A0}.Release|x86.ActiveCfg = Release|x64
		{45A18ED4-52DC-351B-9D17-9EAB7CCF1318}.Debug|Any CPU.ActiveCfg = Debug|x64
		{45A18ED4-52DC-351B-9D17-9EAB7CCF1318}.Debug|ARM.ActiveCfg = Debug|x64
		{45A18ED4-52DC-351B-9D17-9EAB7CCF1318}.Debug|ARM64.ActiveCfg = Debug|x64
		{45A18ED4-52DC-351B-9D17-9EAB7CCF1318}.Debug|x64.ActiveCfg = Debug|x64
		{45A18ED4-52DC-351B-9D17-9EAB7CCF1318}.Debug|x64.Build.0 = Debug|x64
		{45A18ED4-52DC-351B-9D17-9EAB7CCF1318}.Debug|x86.ActiveCfg = Debug|x64
		{45A18ED4-52DC-351B-9D17-9EAB7CCF1318}.Release|Any CPU.ActiveCfg = Release|x64
		{45A18ED4-52DC-351B-9D17-9EAB7CCF1318}.Release|ARM.ActiveCfg = Release|x64
		{45A18ED4-52DC-351B-9D17-9EAB7CCF1318}.Release|ARM64.ActiveCfg = Release|x64
		{45A18ED4-52DC-351B-9D17-9EAB7CCF1318}.Release|x64.ActiveCfg = RelWithDebInfo|x64
		{45A18ED4-52DC-351B-9D17-9EAB7CCF1318}.Release|x64.Build.0 = RelWithDebInfo|x64
		{45A18ED4-52DC-351B-9D17-9EAB7CCF1318}.Release|x86.ActiveCfg = Release|x64
		{C2F255FD-F6E2-39EE-91BC-4971A7B16734}.Debug|Any CPU.ActiveCfg = Debug|x64
		{C2F255FD-F6E2-39EE-91BC-4971A7B16734}.Debug|ARM.ActiveCfg = Debug|x64
		{C2F255FD-F6E2-39EE-91BC-4971A7B16734}.Debug|ARM64.ActiveCfg = Debug|x64
		{C2F255FD-F6E2-39EE-91BC-4971A7B16734}.Debug|x64.ActiveCfg = Debug|x64
		{C2F255FD-F6E2-39EE-91BC-4971A7B16734}.Debug|x64.Build.0 = Debug|x64
		{C2F255FD-F6E2-39EE-91BC-4971A7B16734}.Debug|x86.ActiveCfg = Debug|x64
		{C2F255FD-F6E2-39EE-91BC-4971A7B16734}.Release|Any CPU.ActiveCfg = Release|x64
		{C2F255FD-F6E2-39EE-91BC-4971A7B16734}.Release|ARM.ActiveCfg = Release|x64
		{C2F255FD-F6E2-39EE-91BC-4971A7B16734}.Release|ARM64.ActiveCfg = Release|x64
		{C2F255FD-F6E2-39EE-91BC-4971A7B16734}.Release|x64.ActiveCfg = RelWithDebInfo|x64
		{C2F255FD-F6E2-39EE-91BC-4971A7B16734}.Release|x64.Build.0 = RelWithDebInfo|x64
		{C2F255FD-F6E2-39EE-91BC-4971A7B16734}.Release|x86.ActiveCfg = Release|x64
		{50C947DB-D10D-3E48-A613-0A763C535FE3}.Debug|Any CPU.ActiveCfg = Debug|x64
		{50C947DB-D10D-3E48-A613-0A763C535FE3}.Debug|ARM.ActiveCfg = Debug|x64
		{50C947DB-D10D-3E48-A613-0A763C535FE3}.Debug|ARM64.ActiveCfg = Debug|x64
		{50C947DB-D10D-3E48-A613-0A763C535FE3}.Debug|x64.ActiveCfg = Debug|x64
		{50C947DB-D10D-3E48-A613-0A763C535FE3}.Debug|x64.Build.0 = Debug|x64
		{50C947DB-D10D-3E48-A613-0A763C535FE3}.Debug|x86.ActiveCfg = Debug|x64
		{50C947DB-D10D-3E48-A613-0A763C535FE3}.Release|Any CPU.ActiveCfg = Release|x64
		{50C947DB-D10D-3E48-A613-0A763C535FE3}.Release|ARM.ActiveCfg = Release|x64
		{50C947DB-D10D-3E48-A613-0A763C535FE3}.Release|ARM64.ActiveCfg = Release|x64
		{50C947DB-D10D-3E48-A613-0A763C535FE3}.Release|x64.ActiveCfg = RelWithDebInfo|x64
		{50C947DB-D10D-3E48-A613-0A763C535FE3}.Release|x64.Build.0 = RelWithDebInfo|x64
		{50C947DB-D10D-3E48-A613-0A763C535FE3}.Release|x86.ActiveCfg = Release|x64
		{02B5B447-8805-3171-96FA-DE524D557705}.Debug|Any CPU.ActiveCfg = Debug|x64
		{02B5B447-8805-3171-96FA-DE524D557705}.Debug|ARM.ActiveCfg = Debug|x64
		{02B5B447-8805-3171-96FA-DE524D557705}.Debug|ARM64.ActiveCfg = Debug|x64
		{02B5B447-8805-3171-96FA-DE524D557705}.Debug|x64.ActiveCfg = Debug|x64
		{02B5B447-8805-3171-96FA-DE524D557705}.Debug|x64.Build.0 = Debug|x64
		{02B5B447-8805-3171-96FA-DE524D557705}.Debug|x86.ActiveCfg = Debug|x64
		{02B5B447-8805-3171-96FA-DE524D557705}.Release|Any CPU.ActiveCfg = Release|x64
		{02B5B447-8805-3171-96FA-DE524D557705}.Release|ARM.ActiveCfg = Release|x64
		{02B5B447-8805-3171-96FA-DE524D557705}.Release|ARM64.ActiveCfg = Release|x64
		{02B5B447-8805-3171-96FA-DE524D557705}.Release|x64.ActiveCfg = RelWithDebInfo|x64
		{02B5B447-8805-3171-96FA-DE524D557705}.Release|x64.Build.0 = RelWithDebInfo|x64
		{02B5B447-8805-3171-96FA-DE524D557705}.Release|x86.ActiveCfg = Release|x64
		{C52F70C3-757E-3653-96F5-5B7A9CD16DC7}.Debug|Any CPU.ActiveCfg = Debug|x64
		{C52F70C3-757E-3653-96F5-5B7A9CD16DC7}.Debug|ARM.ActiveCfg = Debug|x64
		{C52F70C3-757E-3653-96F5-5B7A9CD16DC7}.Debug|ARM64.ActiveCfg = Debug|x64
		{C52F70C3-757E-3653-96F5-5B7A9CD16DC7}.Debug|x64.ActiveCfg = Debug|x64
		{C52F70C3-757E-3653-96F5-5B7A9CD16DC7}.Debug|x64.Build.0 = Debug|x64
		{C52F70C3-757E-3653-96F5-5B7A9CD16DC7}.Debug|x86.ActiveCfg = Debug|x64
		{C52F70C3-757E-3653-96F5-5B7A9CD16DC7}.Release|Any CPU.ActiveCfg = Release|x64
		{C52F70C3-757E-3653-96F5-5B7A9CD16DC7}.Release|ARM.ActiveCfg = Release|x64
		{C52F70C3-757E-3653-96F5-5B7A9CD16DC7}.Release|ARM64.ActiveCfg = Release|x64
		{C52F70C3-757E-3653-96F5-5B7A9CD16DC7}.Release|x64.ActiveCfg = RelWithDebInfo|x64
		{C52F70C3-757E-3653-96F5-5B7A9CD16DC7}.Release|x64.Build.0 = RelWithDebInfo|x64
		{C52F70C3-757E-3653-96F5-5B7A9CD16DC7}.Release|x86.ActiveCfg = Release|x64
		{AF7B87C1-7EB7-3579-A1B5-E0BE017D4F57}.Debug|Any CPU.ActiveCfg = Debug|x64
		{AF7B87C1-7EB7-3579-A1B5-E0BE017D4F57}.Debug|ARM.ActiveCfg = Debug|x64
		{AF7B87C1-7EB7-3579-A1B5-E0BE017D4F57}.Debug|ARM64.ActiveCfg = Debug|x64
		{AF7B87C1-7EB7-3579-A1B5-E0BE017D4F57}.Debug|x64.ActiveCfg = Debug|x64
		{AF7B87C1-7EB7-3579-A1B5-E0BE017D4F57}.Debug|x64.Build.0 = Debug|x64
		{AF7B87C1-7EB7-3579-A1B5-E0BE017D4F57}.Debug|x86.ActiveCfg = Debug|x64
		{AF7B87C1-7EB7-3579-A1B5-E0BE017D4F57}.Release|Any CPU.ActiveCfg = Release|x64
		{AF7B87C1-7EB7-3579-A1B5-E0BE017D4F57}.Release|ARM.ActiveCfg = Release|x64
		{AF7B87C1-7EB7-3579-A1B5-E0BE017D4F57}.Release|ARM64.ActiveCfg = Release|x64
		{AF7B87C1-7EB7-3579-A1B5-E0BE017D4F57}.Release|x64.ActiveCfg = RelWithDebInfo|x64
		{AF7B87C1-7EB7-3579-A1B5-E0BE017D4F57}.Release|x64.Build.0 = RelWithDebInfo|x64
		{AF7B87C1-7EB7-3579-A1B5-E0BE017D4F57}.Release|x86.ActiveCfg = Release|x64
		{772BA84A-C919-34B0-952F-E3664B7A803D}.Debug|Any CPU.ActiveCfg = Debug|x64
		{772BA84A-C919-34B0-952F-E3664B7A803D}.Debug|ARM.ActiveCfg = Debug|x64
		{772BA84A-C919-34B0-952F-E3664B7A803D}.Debug|ARM64.ActiveCfg = Debug|x64
		{772BA84A-C919-34B0-952F-E3664B7A803D}.Debug|x64.ActiveCfg = Debug|x64
		{772BA84A-C919-34B0-952F-E3664B7A803D}.Debug|x64.Build.0 = Debug|x64
		{772BA84A-C919-34B0-952F-E3664B7A803D}.Debug|x86.ActiveCfg = Debug|x64
		{772BA84A-C919-34B0-952F-E3664B7A803D}.Release|Any CPU.ActiveCfg = Release|x64
		{772BA84A-C919-34B0-952F-E3664B7A803D}.Release|ARM.ActiveCfg = Release|x64
		{772BA84A-C919-34B0-952F-E3664B7A803D}.Release|ARM64.ActiveCfg = Release|x64
		{772BA84A-C919-34B0-952F-E3664B7A803D}.Release|x64.ActiveCfg = RelWithDebInfo|x64
		{772BA84A-C919-34B0-952F-E3664B7A803D}.Release|x64.Build.0 = RelWithDebInfo|x64
		{772BA84A-C919-34B0-952F-E3664B7A803D}.Release|x86.ActiveCfg = Release|x64
		{CA2421E6-CE5D-388C-A49D-669F16753402}.Debug|Any CPU.ActiveCfg = Debug|x64
		{CA2421E6-CE5D-388C-A49D-669F16753402}.Debug|ARM.ActiveCfg = Debug|x64
		{CA2421E6-CE5D-388C-A49D-669F16753402}.Debug|ARM64.ActiveCfg = Debug|x64
		{CA2421E6-CE5D-388C-A49D-669F16753402}.Debug|x64.ActiveCfg = Debug|x64
		{CA2421E6-CE5D-388C-A49D-669F16753402}.Debug|x64.Build.0 = Debug|x64
		{CA2421E6-CE5D-388C-A49D-669F16753402}.Debug|x86.ActiveCfg = Debug|x64
		{CA2421E6-CE5D-388C-A49D-669F16753402}.Release|Any CPU.ActiveCfg = Release|x64
		{CA2421E6-CE5D-388C-A49D-669F16753402}.Release|ARM.ActiveCfg = Release|x64
		{CA2421E6-CE5D-388C-A49D-669F16753402}.Release|ARM64.ActiveCfg = Release|x64
		{CA2421E6-CE5D-388C-A49D-669F16753402}.Release|x64.ActiveCfg = RelWithDebInfo|x64
		{CA2421E6-CE5D-388C-A49D-669F16753402}.Release|x64.Build.0 = RelWithDebInfo|x64
		{CA2421E6-CE5D-388C-A49D-669F16753402}.Release|x86.ActiveCfg = Release|x64
		{D2F23BC3-1FFD-37A5-9337-C311CAE3CF56}.Debug|Any CPU.ActiveCfg = Debug|x64
		{D2F23BC3-1FFD-37A5-9337-C311CAE3CF56}.Debug|ARM.ActiveCfg = Debug|x64
		{D2F23BC3-1FFD-37A5-9337-C311CAE3CF56}.Debug|ARM64.ActiveCfg = Debug|x64
		{D2F23BC3-1FFD-37A5-9337-C311CAE3CF56}.Debug|x64.ActiveCfg = Debug|x64
		{D2F23BC3-1FFD-37A5-9337-C311CAE3CF56}.Debug|x64.Build.0 = Debug|x64
		{D2F23BC3-1FFD-37A5-9337-C311CAE3CF56}.Debug|x86.ActiveCfg = Debug|x64
		{D2F23BC3-1FFD-37A5-9337-C311CAE3CF56}.Release|Any CPU.ActiveCfg = Release|x64
		{D2F23BC3-1FFD-37A5-9337-C311CAE3CF56}.Release|ARM.ActiveCfg = Release|x64
		{D2F23BC3-1FFD-37A5-9337-C311CAE3CF56}.Release|ARM64.ActiveCfg = Release|x64
		{D2F23BC3-1FFD-37A5-9337-C311CAE3CF56}.Release|x64.ActiveCfg = RelWithDebInfo|x64
		{D2F23BC3-1FFD-37A5-9337-C311CAE3CF56}.Release|x64.Build.0 = RelWithDebInfo|x64
		{D2F23BC3-1FFD-37A5-9337-C311CAE3CF56}.Release|x86.ActiveCfg = Release|x64
		{794E7847-AB8B-364E-A1D7-BCB76CB5E445}.Debug|Any CPU.ActiveCfg = Debug|x64
		{794E7847-AB8B-364E-A1D7-BCB76CB5E445}.Debug|ARM.ActiveCfg = Debug|x64
		{794E7847-AB8B-364E-A1D7-BCB76CB5E445}.Debug|ARM64.ActiveCfg = Debug|x64
		{794E7847-AB8B-364E-A1D7-BCB76CB5E445}.Debug|x64.ActiveCfg = Debug|x64
		{794E7847-AB8B-364E-A1D7-BCB76CB5E445}.Debug|x64.Build.0 = Debug|x64
		{794E7847-AB8B-364E-A1D7-BCB76CB5E445}.Debug|x86.ActiveCfg = Debug|x64
		{794E7847-AB8B-364E-A1D7-BCB76CB5E445}.Release|Any CPU.ActiveCfg = Release|x64
		{794E7847-AB8B-364E-A1D7-BCB76CB5E445}.Release|ARM.ActiveCfg = Release|x64
		{794E7847-AB8B-364E-A1D7-BCB76CB5E445}.Release|ARM64.ActiveCfg = Release|x64
		{794E7847-AB8B-364E-A1D7-BCB76CB5E445}.Release|x64.ActiveCfg = RelWithDebInfo|x64
		{794E7847-AB8B-364E-A1D7-BCB76CB5E445}.Release|x64.Build.0 = RelWithDebInfo|x64
		{794E7847-AB8B-364E-A1D7-BCB76CB5E445}.Release|x86.ActiveCfg = Release|x64
	EndGlobalSection
	GlobalSection(SolutionProperties) = preSolution
		HideSolutionNode = FALSE
	EndGlobalSection
	GlobalSection(ExtensibilityGlobals) = postSolution
		SolutionGuid = {DB1C5782-5A9C-45C1-A315-84BDB753A007}
	EndGlobalSection
EndGlobal
